
Microsoft Visual Studio Solution File, Format Version 12.00
# Visual Studio Version 16
VisualStudioVersion = 16.0.30011.22
MinimumVisualStudioVersion = 10.0.40219.1
Project("{FAE04EC0-301F-11D3-BF4B-00C04F79EFBC}") = "MagicVillaAPI", "MagicVillaAPI.csproj", "{CA27BB9A-50B3-4B75-96E9-A8EC94822168}"
EndProject
Global
	GlobalSection(SolutionConfigurationPlatforms) = preSolution
		Debug|Any CPU = Debug|Any CPU
		Release|Any CPU = Release|Any CPU
	EndGlobalSection
	GlobalSection(ProjectConfigurationPlatforms) = postSolution
		{CA27BB9A-50B3-4B75-96E9-A8EC94822168}.Debug|Any CPU.ActiveCfg = Debug|Any CPU
		{CA27BB9A-50B3-4B75-96E9-A8EC94822168}.Debug|Any CPU.Build.0 = Debug|Any CPU
		{CA27BB9A-50B3-4B75-96E9-A8EC94822168}.Release|Any CPU.ActiveCfg = Release|Any CPU
		{CA27BB9A-50B3-4B75-96E9-A8EC94822168}.Release|Any CPU.Build.0 = Release|Any CPU
	EndGlobalSection
	GlobalSection(SolutionProperties) = preSolution
		HideSolutionNode = FALSE
	EndGlobalSection
	GlobalSection(ExtensibilityGlobals) = postSolution
		SolutionGuid = {3DAE7AE1-F563-461D-842E-D7D310197AF6}
	EndGlobalSection
EndGlobal
